
Microsoft Visual Studio Solution File, Format Version 10.00
# Visual Studio 2008
Project("{8BC9CEB8-8B4A-11D0-8D11-00A0C91BC942}") = "2_0", "2_0\2_0.vcproj", "{2A1A78DF-8F05-4ABF-A265-79B6FA17548A}"
EndProject
Project("{8BC9CEB8-8B4A-11D0-8D11-00A0C91BC942}") = "2_1", "2_1\2_1.vcproj", "{E3B4F8FC-B66F-48D4-A218-0DD7A2D79FEC}"
EndProject
Project("{8BC9CEB8-8B4A-11D0-8D11-00A0C91BC942}") = "2_2", "2_2\2_2.vcproj", "{38B449EA-9590-4316-9660-FCCD7E26B033}"
EndProject
Project("{8BC9CEB8-8B4A-11D0-8D11-00A0C91BC942}") = "2_3", "2_3\2_3.vcproj", "{96C023E4-7668-412B-8AC4-0E4B388819E7}"
EndProject
Project("{8BC9CEB8-8B4A-11D0-8D11-00A0C91BC942}") = "2_4", "2_4\2_4.vcproj", "{ADA12AB1-AA05-4E99-B69B-E9DAC71CA1B5}"
EndProject
Project("{8BC9CEB8-8B4A-11D0-8D11-00A0C91BC942}") = "2_5", "2_5\2_5.vcproj", "{2800AD23-6CC5-4852-AE84-DD60C1875B83}"
EndProject
Project("{8BC9CEB8-8B4A-11D0-8D11-00A0C91BC942}") = "3_0", "3_0\3_0.vcproj", "{EEAC34CF-A392-4D07-8967-A5B3BD1D0696}"
EndProject
Project("{8BC9CEB8-8B4A-11D0-8D11-00A0C91BC942}") = "3_1", "3_1\3_1.vcproj", "{712D6FA9-A887-41C7-BB61-709D122E7BA8}"
EndProject
Project("{8BC9CEB8-8B4A-11D0-8D11-00A0C91BC942}") = "3_2", "3_2\3_2.vcproj", "{F271B050-45E9-433E-9D43-125125A794D2}"
EndProject
Project("{8BC9CEB8-8B4A-11D0-8D11-00A0C91BC942}") = "3_3", "3_3\3_3.vcproj", "{825383D4-8222-40C1-9471-178AB2C19931}"
EndProject
Project("{8BC9CEB8-8B4A-11D0-8D11-00A0C91BC942}") = "3_4", "3_4\3_4.vcproj", "{7A4CE799-3BD2-4887-88A6-519BF49F8796}"
EndProject
Project("{8BC9CEB8-8B4A-11D0-8D11-00A0C91BC942}") = "3_5", "3_5\3_5.vcproj", "{193C90D9-6EFE-4D7E-A0C7-AB44C3757738}"
EndProject
Project("{8BC9CEB8-8B4A-11D0-8D11-00A0C91BC942}") = "3_6", "3_6\3_6.vcproj", "{CDC965B7-16D3-4261-A2A3-74657E954F70}"
EndProject
Project("{8BC9CEB8-8B4A-11D0-8D11-00A0C91BC942}") = "4_0", "4_0\4_0.vcproj", "{1B504299-250A-4FBB-A676-749432049F11}"
EndProject
Project("{8BC9CEB8-8B4A-11D0-8D11-00A0C91BC942}") = "4_1", "4_1\4_1.vcproj", "{BE6EB70A-1D75-4D9B-A44D-E31E99934C2A}"
EndProject
Project("{8BC9CEB8-8B4A-11D0-8D11-00A0C91BC942}") = "4_2", "4_2\4_2.vcproj", "{6F5BB145-349A-4DA5-B766-CCC32B43F338}"
EndProject
Project("{8BC9CEB8-8B4A-11D0-8D11-00A0C91BC942}") = "4_3", "4_3\4_3.vcproj", "{DA74BD4B-E593-45DB-AFD4-2B407F39FA7E}"
EndProject
Project("{8BC9CEB8-8B4A-11D0-8D11-00A0C91BC942}") = "4_4", "4_4\4_4.vcproj", "{12753FEE-3D46-4CCE-B44B-C5BE3DFF208F}"
EndProject
Project("{8BC9CEB8-8B4A-11D0-8D11-00A0C91BC942}") = "4_5", "4_5\4_5.vcproj", "{241E5C4A-95B3-4BBC-9B13-336C7E14D1D0}"
EndProject
Project("{8BC9CEB8-8B4A-11D0-8D11-00A0C91BC942}") = "5_0", "5_0\5_0.vcproj", "{4CB6F487-A6FB-4A3D-952A-3111E47F5334}"
EndProject
Project("{8BC9CEB8-8B4A-11D0-8D11-00A0C91BC942}") = "5_1", "5_1\5_1.vcproj", "{BD064F18-59AD-4A4F-981E-CC32DF331959}"
EndProject
Project("{8BC9CEB8-8B4A-11D0-8D11-00A0C91BC942}") = "5_2", "5_2\5_2.vcproj", "{A2723D10-9EE0-47BF-8B53-75C4BFDF0E7D}"
EndProject
Project("{8BC9CEB8-8B4A-11D0-8D11-00A0C91BC942}") = "5_3", "5_3\5_3.vcproj", "{6015BEE1-E9BD-4B78-A019-FA8708DA6F22}"
EndProject
Project("{8BC9CEB8-8B4A-11D0-8D11-00A0C91BC942}") = "5_4", "5_4\5_4.vcproj", "{47905C17-7C75-4143-A662-3F38949ABDF6}"
EndProject
Project("{8BC9CEB8-8B4A-11D0-8D11-00A0C91BC942}") = "5_5", "5_5\5_5.vcproj", "{43837F70-F9F4-45EF-81F4-410DF6BD6E31}"
EndProject
Project("{8BC9CEB8-8B4A-11D0-8D11-00A0C91BC942}") = "5_6", "5_6\5_6.vcproj", "{F0D0DBE4-9A5E-4FD4-AE54-B5187F1E23C2}"
EndProject
Project("{8BC9CEB8-8B4A-11D0-8D11-00A0C91BC942}") = "5_7", "5_7\5_7.vcproj", "{309E09E7-E5E2-4F7B-B972-C42873777B12}"
EndProject
Project("{8BC9CEB8-8B4A-11D0-8D11-00A0C91BC942}") = "5_8", "5_8\5_8.vcproj", "{961AAACE-7AD7-4AC8-A7BA-8C707D6ACAA9}"
EndProject
Project("{8BC9CEB8-8B4A-11D0-8D11-00A0C91BC942}") = "5_9", "5_9\5_9.vcproj", "{FF575C45-C27D-4BBB-B23A-22902F183349}"
EndProject
Project("{8BC9CEB8-8B4A-11D0-8D11-00A0C91BC942}") = "5_10", "5_10\5_10.vcproj", "{6EEF72C7-3791-4CAD-B4F9-E82817FBC4B5}"
EndProject
Project("{8BC9CEB8-8B4A-11D0-8D11-00A0C91BC942}") = "6_0", "6_0\6_0.vcproj", "{22E3F8E4-F6AB-4E19-A1C1-88B62E6CD1BA}"
EndProject
Project("{8BC9CEB8-8B4A-11D0-8D11-00A0C91BC942}") = "6_1", "6_1\6_1.vcproj", "{85CC473B-F09D-4648-BE31-1D2086067901}"
EndProject
Project("{8BC9CEB8-8B4A-11D0-8D11-00A0C91BC942}") = "6_3", "6_3\6_3.vcproj", "{9740B6CA-21E1-4D90-A788-AB61BEB58C26}"
EndProject
Project("{8BC9CEB8-8B4A-11D0-8D11-00A0C91BC942}") = "6_4", "6_4\6_4.vcproj", "{C97A7590-CC8A-4777-B647-EE56E886230F}"
EndProject
Project("{8BC9CEB8-8B4A-11D0-8D11-00A0C91BC942}") = "7_2", "7_2\7_2.vcproj", "{D0765093-7D5E-4C55-B157-F634E817E60C}"
EndProject
Project("{8BC9CEB8-8B4A-11D0-8D11-00A0C91BC942}") = "7_3", "7_3\7_3.vcproj", "{7E2ED773-EDC3-426E-B3EE-8DEABD674F30}"
EndProject
Project("{8BC9CEB8-8B4A-11D0-8D11-00A0C91BC942}") = "7_4", "7_4\7_4.vcproj", "{37A982CE-1FB6-4911-A476-5786E715F89C}"
EndProject
Project("{8BC9CEB8-8B4A-11D0-8D11-00A0C91BC942}") = "7_5", "7_5\7_5.vcproj", "{D798911B-BE2F-4E29-B5FC-83C5302B4169}"
EndProject
Project("{8BC9CEB8-8B4A-11D0-8D11-00A0C91BC942}") = "7_6", "7_6\7_6.vcproj", "{04D6B7D9-0C56-49CD-99DF-FE805E82A8EB}"
EndProject
Project("{8BC9CEB8-8B4A-11D0-8D11-00A0C91BC942}") = "7_7", "7_7\7_7.vcproj", "{BD63809C-E203-4713-AEF6-637859A2233F}"
EndProject
Project("{8BC9CEB8-8B4A-11D0-8D11-00A0C91BC942}") = "7_8", "7_8\7_8.vcproj", "{FFAD8983-F5FC-41E0-957B-558B189256E9}"
EndProject
Project("{8BC9CEB8-8B4A-11D0-8D11-00A0C91BC942}") = "7_0", "7_0\7_0.vcproj", "{8DB8DD4C-2214-42C7-86C0-B9CC86EB9737}"
EndProject
Project("{8BC9CEB8-8B4A-11D0-8D11-00A0C91BC942}") = "8_0", "8_0\8_0.vcproj", "{32A4C096-0281-4C4D-BEF0-B1E62A01E636}"
EndProject
Project("{8BC9CEB8-8B4A-11D0-8D11-00A0C91BC942}") = "8_1", "8_1\8_1.vcproj", "{472BFF39-272A-427B-87FC-DE7A837E2472}"
EndProject
Project("{8BC9CEB8-8B4A-11D0-8D11-00A0C91BC942}") = "9_1", "9_1\9_1.vcproj", "{E9EAA4E8-B7B4-46FC-8BC6-49AD95C6D404}"
EndProject
Project("{8BC9CEB8-8B4A-11D0-8D11-00A0C91BC942}") = "9_4", "9_4\9_4.vcproj", "{F094B36A-E5C4-41F5-B34F-A95B5344FF44}"
EndProject
Project("{8BC9CEB8-8B4A-11D0-8D11-00A0C91BC942}") = "9_5", "9_5\9_5.vcproj", "{EEA2F718-42A8-47CC-8F39-24DB46FA7BB4}"
EndProject
Project("{8BC9CEB8-8B4A-11D0-8D11-00A0C91BC942}") = "finite_state_machine", "finite_state_machine\finite_state_machine.vcproj", "{C119FAA8-95EE-453D-8AFF-5BB4F6375748}"
EndProject
Global
	GlobalSection(SolutionConfigurationPlatforms) = preSolution
		Debug|Win32 = Debug|Win32
		Release|Win32 = Release|Win32
	EndGlobalSection
	GlobalSection(ProjectConfigurationPlatforms) = postSolution
		{2A1A78DF-8F05-4ABF-A265-79B6FA17548A}.Debug|Win32.ActiveCfg = Debug|Win32
		{2A1A78DF-8F05-4ABF-A265-79B6FA17548A}.Debug|Win32.Build.0 = Debug|Win32
		{2A1A78DF-8F05-4ABF-A265-79B6FA17548A}.Release|Win32.ActiveCfg = Release|Win32
		{2A1A78DF-8F05-4ABF-A265-79B6FA17548A}.Release|Win32.Build.0 = Release|Win32
		{E3B4F8FC-B66F-48D4-A218-0DD7A2D79FEC}.Debug|Win32.ActiveCfg = Debug|Win32
		{E3B4F8FC-B66F-48D4-A218-0DD7A2D79FEC}.Debug|Win32.Build.0 = Debug|Win32
		{E3B4F8FC-B66F-48D4-A218-0DD7A2D79FEC}.Release|Win32.ActiveCfg = Release|Win32
		{E3B4F8FC-B66F-48D4-A218-0DD7A2D79FEC}.Release|Win32.Build.0 = Release|Win32
		{38B449EA-9590-4316-9660-FCCD7E26B033}.Debug|Win32.ActiveCfg = Debug|Win32
		{38B449EA-9590-4316-9660-FCCD7E26B033}.Debug|Win32.Build.0 = Debug|Win32
		{38B449EA-9590-4316-9660-FCCD7E26B033}.Release|Win32.ActiveCfg = Release|Win32
		{38B449EA-9590-4316-9660-FCCD7E26B033}.Release|Win32.Build.0 = Release|Win32
		{96C023E4-7668-412B-8AC4-0E4B388819E7}.Debug|Win32.ActiveCfg = Debug|Win32
		{96C023E4-7668-412B-8AC4-0E4B388819E7}.Debug|Win32.Build.0 = Debug|Win32
		{96C023E4-7668-412B-8AC4-0E4B388819E7}.Release|Win32.ActiveCfg = Release|Win32
		{96C023E4-7668-412B-8AC4-0E4B388819E7}.Release|Win32.Build.0 = Release|Win32
		{ADA12AB1-AA05-4E99-B69B-E9DAC71CA1B5}.Debug|Win32.ActiveCfg = Debug|Win32
		{ADA12AB1-AA05-4E99-B69B-E9DAC71CA1B5}.Debug|Win32.Build.0 = Debug|Win32
		{ADA12AB1-AA05-4E99-B69B-E9DAC71CA1B5}.Release|Win32.ActiveCfg = Release|Win32
		{ADA12AB1-AA05-4E99-B69B-E9DAC71CA1B5}.Release|Win32.Build.0 = Release|Win32
		{2800AD23-6CC5-4852-AE84-DD60C1875B83}.Debug|Win32.ActiveCfg = Debug|Win32
		{2800AD23-6CC5-4852-AE84-DD60C1875B83}.Debug|Win32.Build.0 = Debug|Win32
		{2800AD23-6CC5-4852-AE84-DD60C1875B83}.Release|Win32.ActiveCfg = Release|Win32
		{2800AD23-6CC5-4852-AE84-DD60C1875B83}.Release|Win32.Build.0 = Release|Win32
		{EEAC34CF-A392-4D07-8967-A5B3BD1D0696}.Debug|Win32.ActiveCfg = Debug|Win32
		{EEAC34CF-A392-4D07-8967-A5B3BD1D0696}.Debug|Win32.Build.0 = Debug|Win32
		{EEAC34CF-A392-4D07-8967-A5B3BD1D0696}.Release|Win32.ActiveCfg = Release|Win32
		{EEAC34CF-A392-4D07-8967-A5B3BD1D0696}.Release|Win32.Build.0 = Release|Win32
		{712D6FA9-A887-41C7-BB61-709D122E7BA8}.Debug|Win32.ActiveCfg = Debug|Win32
		{712D6FA9-A887-41C7-BB61-709D122E7BA8}.Debug|Win32.Build.0 = Debug|Win32
		{712D6FA9-A887-41C7-BB61-709D122E7BA8}.Release|Win32.ActiveCfg = Release|Win32
		{712D6FA9-A887-41C7-BB61-709D122E7BA8}.Release|Win32.Build.0 = Release|Win32
		{F271B050-45E9-433E-9D43-125125A794D2}.Debug|Win32.ActiveCfg = Debug|Win32
		{F271B050-45E9-433E-9D43-125125A794D2}.Debug|Win32.Build.0 = Debug|Win32
		{F271B050-45E9-433E-9D43-125125A794D2}.Release|Win32.ActiveCfg = Release|Win32
		{F271B050-45E9-433E-9D43-125125A794D2}.Release|Win32.Build.0 = Release|Win32
		{825383D4-8222-40C1-9471-178AB2C19931}.Debug|Win32.ActiveCfg = Debug|Win32
		{825383D4-8222-40C1-9471-178AB2C19931}.Debug|Win32.Build.0 = Debug|Win32
		{825383D4-8222-40C1-9471-178AB2C19931}.Release|Win32.ActiveCfg = Release|Win32
		{825383D4-8222-40C1-9471-178AB2C19931}.Release|Win32.Build.0 = Release|Win32
		{7A4CE799-3BD2-4887-88A6-519BF49F8796}.Debug|Win32.ActiveCfg = Debug|Win32
		{7A4CE799-3BD2-4887-88A6-519BF49F8796}.Debug|Win32.Build.0 = Debug|Win32
		{7A4CE799-3BD2-4887-88A6-519BF49F8796}.Release|Win32.ActiveCfg = Release|Win32
		{7A4CE799-3BD2-4887-88A6-519BF49F8796}.Release|Win32.Build.0 = Release|Win32
		{193C90D9-6EFE-4D7E-A0C7-AB44C3757738}.Debug|Win32.ActiveCfg = Debug|Win32
		{193C90D9-6EFE-4D7E-A0C7-AB44C3757738}.Debug|Win32.Build.0 = Debug|Win32
		{193C90D9-6EFE-4D7E-A0C7-AB44C3757738}.Release|Win32.ActiveCfg = Release|Win32
		{193C90D9-6EFE-4D7E-A0C7-AB44C3757738}.Release|Win32.Build.0 = Release|Win32
		{CDC965B7-16D3-4261-A2A3-74657E954F70}.Debug|Win32.ActiveCfg = Debug|Win32
		{CDC965B7-16D3-4261-A2A3-74657E954F70}.Debug|Win32.Build.0 = Debug|Win32
		{CDC965B7-16D3-4261-A2A3-74657E954F70}.Release|Win32.ActiveCfg = Release|Win32
		{CDC965B7-16D3-4261-A2A3-74657E954F70}.Release|Win32.Build.0 = Release|Win32
		{1B504299-250A-4FBB-A676-749432049F11}.Debug|Win32.ActiveCfg = Debug|Win32
		{1B504299-250A-4FBB-A676-749432049F11}.Debug|Win32.Build.0 = Debug|Win32
		{1B504299-250A-4FBB-A676-749432049F11}.Release|Win32.ActiveCfg = Release|Win32
		{1B504299-250A-4FBB-A676-749432049F11}.Release|Win32.Build.0 = Release|Win32
		{BE6EB70A-1D75-4D9B-A44D-E31E99934C2A}.Debug|Win32.ActiveCfg = Debug|Win32
		{BE6EB70A-1D75-4D9B-A44D-E31E99934C2A}.Debug|Win32.Build.0 = Debug|Win32
		{BE6EB70A-1D75-4D9B-A44D-E31E99934C2A}.Release|Win32.ActiveCfg = Release|Win32
		{BE6EB70A-1D75-4D9B-A44D-E31E99934C2A}.Release|Win32.Build.0 = Release|Win32
		{6F5BB145-349A-4DA5-B766-CCC32B43F338}.Debug|Win32.ActiveCfg = Debug|Win32
		{6F5BB145-349A-4DA5-B766-CCC32B43F338}.Debug|Win32.Build.0 = Debug|Win32
		{6F5BB145-349A-4DA5-B766-CCC32B43F338}.Release|Win32.ActiveCfg = Release|Win32
		{6F5BB145-349A-4DA5-B766-CCC32B43F338}.Release|Win32.Build.0 = Release|Win32
		{DA74BD4B-E593-45DB-AFD4-2B407F39FA7E}.Debug|Win32.ActiveCfg = Debug|Win32
		{DA74BD4B-E593-45DB-AFD4-2B407F39FA7E}.Debug|Win32.Build.0 = Debug|Win32
		{DA74BD4B-E593-45DB-AFD4-2B407F39FA7E}.Release|Win32.ActiveCfg = Release|Win32
		{DA74BD4B-E593-45DB-AFD4-2B407F39FA7E}.Release|Win32.Build.0 = Release|Win32
		{12753FEE-3D46-4CCE-B44B-C5BE3DFF208F}.Debug|Win32.ActiveCfg = Debug|Win32
		{12753FEE-3D46-4CCE-B44B-C5BE3DFF208F}.Debug|Win32.Build.0 = Debug|Win32
		{12753FEE-3D46-4CCE-B44B-C5BE3DFF208F}.Release|Win32.ActiveCfg = Release|Win32
		{12753FEE-3D46-4CCE-B44B-C5BE3DFF208F}.Release|Win32.Build.0 = Release|Win32
		{241E5C4A-95B3-4BBC-9B13-336C7E14D1D0}.Debug|Win32.ActiveCfg = Debug|Win32
		{241E5C4A-95B3-4BBC-9B13-336C7E14D1D0}.Debug|Win32.Build.0 = Debug|Win32
		{241E5C4A-95B3-4BBC-9B13-336C7E14D1D0}.Release|Win32.ActiveCfg = Release|Win32
		{241E5C4A-95B3-4BBC-9B13-336C7E14D1D0}.Release|Win32.Build.0 = Release|Win32
		{4CB6F487-A6FB-4A3D-952A-3111E47F5334}.Debug|Win32.ActiveCfg = Debug|Win32
		{4CB6F487-A6FB-4A3D-952A-3111E47F5334}.Debug|Win32.Build.0 = Debug|Win32
		{4CB6F487-A6FB-4A3D-952A-3111E47F5334}.Release|Win32.ActiveCfg = Release|Win32
		{4CB6F487-A6FB-4A3D-952A-3111E47F5334}.Release|Win32.Build.0 = Release|Win32
		{BD064F18-59AD-4A4F-981E-CC32DF331959}.Debug|Win32.ActiveCfg = Debug|Win32
		{BD064F18-59AD-4A4F-981E-CC32DF331959}.Debug|Win32.Build.0 = Debug|Win32
		{BD064F18-59AD-4A4F-981E-CC32DF331959}.Release|Win32.ActiveCfg = Release|Win32
		{BD064F18-59AD-4A4F-981E-CC32DF331959}.Release|Win32.Build.0 = Release|Win32
		{A2723D10-9EE0-47BF-8B53-75C4BFDF0E7D}.Debug|Win32.ActiveCfg = Debug|Win32
		{A2723D10-9EE0-47BF-8B53-75C4BFDF0E7D}.Debug|Win32.Build.0 = Debug|Win32
		{A2723D10-9EE0-47BF-8B53-75C4BFDF0E7D}.Release|Win32.ActiveCfg = Release|Win32
		{A2723D10-9EE0-47BF-8B53-75C4BFDF0E7D}.Release|Win32.Build.0 = Release|Win32
		{6015BEE1-E9BD-4B78-A019-FA8708DA6F22}.Debug|Win32.ActiveCfg = Debug|Win32
		{6015BEE1-E9BD-4B78-A019-FA8708DA6F22}.Debug|Win32.Build.0 = Debug|Win32
		{6015BEE1-E9BD-4B78-A019-FA8708DA6F22}.Release|Win32.ActiveCfg = Release|Win32
		{6015BEE1-E9BD-4B78-A019-FA8708DA6F22}.Release|Win32.Build.0 = Release|Win32
		{47905C17-7C75-4143-A662-3F38949ABDF6}.Debug|Win32.ActiveCfg = Debug|Win32
		{47905C17-7C75-4143-A662-3F38949ABDF6}.Debug|Win32.Build.0 = Debug|Win32
		{47905C17-7C75-4143-A662-3F38949ABDF6}.Release|Win32.ActiveCfg = Release|Win32
		{47905C17-7C75-4143-A662-3F38949ABDF6}.Release|Win32.Build.0 = Release|Win32
		{43837F70-F9F4-45EF-81F4-410DF6BD6E31}.Debug|Win32.ActiveCfg = Debug|Win32
		{43837F70-F9F4-45EF-81F4-410DF6BD6E31}.Debug|Win32.Build.0 = Debug|Win32
		{43837F70-F9F4-45EF-81F4-410DF6BD6E31}.Release|Win32.ActiveCfg = Release|Win32
		{43837F70-F9F4-45EF-81F4-410DF6BD6E31}.Release|Win32.Build.0 = Release|Win32
		{F0D0DBE4-9A5E-4FD4-AE54-B5187F1E23C2}.Debug|Win32.ActiveCfg = Debug|Win32
		{F0D0DBE4-9A5E-4FD4-AE54-B5187F1E23C2}.Debug|Win32.Build.0 = Debug|Win32
		{F0D0DBE4-9A5E-4FD4-AE54-B5187F1E23C2}.Release|Win32.ActiveCfg = Release|Win32
		{F0D0DBE4-9A5E-4FD4-AE54-B5187F1E23C2}.Release|Win32.Build.0 = Release|Win32
		{309E09E7-E5E2-4F7B-B972-C42873777B12}.Debug|Win32.ActiveCfg = Debug|Win32
		{309E09E7-E5E2-4F7B-B972-C42873777B12}.Debug|Win32.Build.0 = Debug|Win32
		{309E09E7-E5E2-4F7B-B972-C42873777B12}.Release|Win32.ActiveCfg = Release|Win32
		{309E09E7-E5E2-4F7B-B972-C42873777B12}.Release|Win32.Build.0 = Release|Win32
		{961AAACE-7AD7-4AC8-A7BA-8C707D6ACAA9}.Debug|Win32.ActiveCfg = Debug|Win32
		{961AAACE-7AD7-4AC8-A7BA-8C707D6ACAA9}.Debug|Win32.Build.0 = Debug|Win32
		{961AAACE-7AD7-4AC8-A7BA-8C707D6ACAA9}.Release|Win32.ActiveCfg = Release|Win32
		{961AAACE-7AD7-4AC8-A7BA-8C707D6ACAA9}.Release|Win32.Build.0 = Release|Win32
		{FF575C45-C27D-4BBB-B23A-22902F183349}.Debug|Win32.ActiveCfg = Debug|Win32
		{FF575C45-C27D-4BBB-B23A-22902F183349}.Debug|Win32.Build.0 = Debug|Win32
		{FF575C45-C27D-4BBB-B23A-22902F183349}.Release|Win32.ActiveCfg = Release|Win32
		{FF575C45-C27D-4BBB-B23A-22902F183349}.Release|Win32.Build.0 = Release|Win32
		{6EEF72C7-3791-4CAD-B4F9-E82817FBC4B5}.Debug|Win32.ActiveCfg = Debug|Win32
		{6EEF72C7-3791-4CAD-B4F9-E82817FBC4B5}.Debug|Win32.Build.0 = Debug|Win32
		{6EEF72C7-3791-4CAD-B4F9-E82817FBC4B5}.Release|Win32.ActiveCfg = Release|Win32
		{6EEF72C7-3791-4CAD-B4F9-E82817FBC4B5}.Release|Win32.Build.0 = Release|Win32
		{22E3F8E4-F6AB-4E19-A1C1-88B62E6CD1BA}.Debug|Win32.ActiveCfg = Debug|Win32
		{22E3F8E4-F6AB-4E19-A1C1-88B62E6CD1BA}.Debug|Win32.Build.0 = Debug|Win32
		{22E3F8E4-F6AB-4E19-A1C1-88B62E6CD1BA}.Release|Win32.ActiveCfg = Release|Win32
		{22E3F8E4-F6AB-4E19-A1C1-88B62E6CD1BA}.Release|Win32.Build.0 = Release|Win32
		{85CC473B-F09D-4648-BE31-1D2086067901}.Debug|Win32.ActiveCfg = Debug|Win32
		{85CC473B-F09D-4648-BE31-1D2086067901}.Debug|Win32.Build.0 = Debug|Win32
		{85CC473B-F09D-4648-BE31-1D2086067901}.Release|Win32.ActiveCfg = Release|Win32
		{85CC473B-F09D-4648-BE31-1D2086067901}.Release|Win32.Build.0 = Release|Win32
		{9740B6CA-21E1-4D90-A788-AB61BEB58C26}.Debug|Win32.ActiveCfg = Debug|Win32
		{9740B6CA-21E1-4D90-A788-AB61BEB58C26}.Debug|Win32.Build.0 = Debug|Win32
		{9740B6CA-21E1-4D90-A788-AB61BEB58C26}.Release|Win32.ActiveCfg = Release|Win32
		{9740B6CA-21E1-4D90-A788-AB61BEB58C26}.Release|Win32.Build.0 = Release|Win32
		{C97A7590-CC8A-4777-B647-EE56E886230F}.Debug|Win32.ActiveCfg = Debug|Win32
		{C97A7590-CC8A-4777-B647-EE56E886230F}.Debug|Win32.Build.0 = Debug|Win32
		{C97A7590-CC8A-4777-B647-EE56E886230F}.Release|Win32.ActiveCfg = Release|Win32
		{C97A7590-CC8A-4777-B647-EE56E886230F}.Release|Win32.Build.0 = Release|Win32
		{D0765093-7D5E-4C55-B157-F634E817E60C}.Debug|Win32.ActiveCfg = Debug|Win32
		{D0765093-7D5E-4C55-B157-F634E817E60C}.Debug|Win32.Build.0 = Debug|Win32
		{D0765093-7D5E-4C55-B157-F634E817E60C}.Release|Win32.ActiveCfg = Release|Win32
		{D0765093-7D5E-4C55-B157-F634E817E60C}.Release|Win32.Build.0 = Release|Win32
		{7E2ED773-EDC3-426E-B3EE-8DEABD674F30}.Debug|Win32.ActiveCfg = Debug|Win32
		{7E2ED773-EDC3-426E-B3EE-8DEABD674F30}.Debug|Win32.Build.0 = Debug|Win32
		{7E2ED773-EDC3-426E-B3EE-8DEABD674F30}.Release|Win32.ActiveCfg = Release|Win32
		{7E2ED773-EDC3-426E-B3EE-8DEABD674F30}.Release|Win32.Build.0 = Release|Win32
		{37A982CE-1FB6-4911-A476-5786E715F89C}.Debug|Win32.ActiveCfg = Debug|Win32
		{37A982CE-1FB6-4911-A476-5786E715F89C}.Debug|Win32.Build.0 = Debug|Win32
		{37A982CE-1FB6-4911-A476-5786E715F89C}.Release|Win32.ActiveCfg = Release|Win32
		{37A982CE-1FB6-4911-A476-5786E715F89C}.Release|Win32.Build.0 = Release|Win32
		{D798911B-BE2F-4E29-B5FC-83C5302B4169}.Debug|Win32.ActiveCfg = Debug|Win32
		{D798911B-BE2F-4E29-B5FC-83C5302B4169}.Debug|Win32.Build.0 = Debug|Win32
		{D798911B-BE2F-4E29-B5FC-83C5302B4169}.Release|Win32.ActiveCfg = Release|Win32
		{D798911B-BE2F-4E29-B5FC-83C5302B4169}.Release|Win32.Build.0 = Release|Win32
		{04D6B7D9-0C56-49CD-99DF-FE805E82A8EB}.Debug|Win32.ActiveCfg = Debug|Win32
		{04D6B7D9-0C56-49CD-99DF-FE805E82A8EB}.Debug|Win32.Build.0 = Debug|Win32
		{04D6B7D9-0C56-49CD-99DF-FE805E82A8EB}.Release|Win32.ActiveCfg = Release|Win32
		{04D6B7D9-0C56-49CD-99DF-FE805E82A8EB}.Release|Win32.Build.0 = Release|Win32
		{BD63809C-E203-4713-AEF6-637859A2233F}.Debug|Win32.ActiveCfg = Debug|Win32
		{BD63809C-E203-4713-AEF6-637859A2233F}.Debug|Win32.Build.0 = Debug|Win32
		{BD63809C-E203-4713-AEF6-637859A2233F}.Release|Win32.ActiveCfg = Release|Win32
		{BD63809C-E203-4713-AEF6-637859A2233F}.Release|Win32.Build.0 = Release|Win32
		{FFAD8983-F5FC-41E0-957B-558B189256E9}.Debug|Win32.ActiveCfg = Debug|Win32
		{FFAD8983-F5FC-41E0-957B-558B189256E9}.Debug|Win32.Build.0 = Debug|Win32
		{FFAD8983-F5FC-41E0-957B-558B189256E9}.Release|Win32.ActiveCfg = Release|Win32
		{FFAD8983-F5FC-41E0-957B-558B189256E9}.Release|Win32.Build.0 = Release|Win32
		{8DB8DD4C-2214-42C7-86C0-B9CC86EB9737}.Debug|Win32.ActiveCfg = Debug|Win32
		{8DB8DD4C-2214-42C7-86C0-B9CC86EB9737}.Debug|Win32.Build.0 = Debug|Win32
		{8DB8DD4C-2214-42C7-86C0-B9CC86EB9737}.Release|Win32.ActiveCfg = Release|Win32
		{8DB8DD4C-2214-42C7-86C0-B9CC86EB9737}.Release|Win32.Build.0 = Release|Win32
		{32A4C096-0281-4C4D-BEF0-B1E62A01E636}.Debug|Win32.ActiveCfg = Debug|Win32
		{32A4C096-0281-4C4D-BEF0-B1E62A01E636}.Debug|Win32.Build.0 = Debug|Win32
		{32A4C096-0281-4C4D-BEF0-B1E62A01E636}.Release|Win32.ActiveCfg = Release|Win32
		{32A4C096-0281-4C4D-BEF0-B1E62A01E636}.Release|Win32.Build.0 = Release|Win32
		{472BFF39-272A-427B-87FC-DE7A837E2472}.Debug|Win32.ActiveCfg = Debug|Win32
		{472BFF39-272A-427B-87FC-DE7A837E2472}.Debug|Win32.Build.0 = Debug|Win32
		{472BFF39-272A-427B-87FC-DE7A837E2472}.Release|Win32.ActiveCfg = Release|Win32
		{472BFF39-272A-427B-87FC-DE7A837E2472}.Release|Win32.Build.0 = Release|Win32
		{E9EAA4E8-B7B4-46FC-8BC6-49AD95C6D404}.Debug|Win32.ActiveCfg = Debug|Win32
		{E9EAA4E8-B7B4-46FC-8BC6-49AD95C6D404}.Debug|Win32.Build.0 = Debug|Win32
		{E9EAA4E8-B7B4-46FC-8BC6-49AD95C6D404}.Release|Win32.ActiveCfg = Release|Win32
		{E9EAA4E8-B7B4-46FC-8BC6-49AD95C6D404}.Release|Win32.Build.0 = Release|Win32
		{F094B36A-E5C4-41F5-B34F-A95B5344FF44}.Debug|Win32.ActiveCfg = Debug|Win32
		{F094B36A-E5C4-41F5-B34F-A95B5344FF44}.Debug|Win32.Build.0 = Debug|Win32
		{F094B36A-E5C4-41F5-B34F-A95B5344FF44}.Release|Win32.ActiveCfg = Release|Win32
		{F094B36A-E5C4-41F5-B34F-A95B5344FF44}.Release|Win32.Build.0 = Release|Win32
		{EEA2F718-42A8-47CC-8F39-24DB46FA7BB4}.Debug|Win32.ActiveCfg = Debug|Win32
		{EEA2F718-42A8-47CC-8F39-24DB46FA7BB4}.Debug|Win32.Build.0 = Debug|Win32
		{EEA2F718-42A8-47CC-8F39-24DB46FA7BB4}.Release|Win32.ActiveCfg = Release|Win32
		{EEA2F718-42A8-47CC-8F39-24DB46FA7BB4}.Release|Win32.Build.0 = Release|Win32
		{C119FAA8-95EE-453D-8AFF-5BB4F6375748}.Debug|Win32.ActiveCfg = Debug|Win32
		{C119FAA8-95EE-453D-8AFF-5BB4F6375748}.Debug|Win32.Build.0 = Debug|Win32
		{C119FAA8-95EE-453D-8AFF-5BB4F6375748}.Release|Win32.ActiveCfg = Release|Win32
		{C119FAA8-95EE-453D-8AFF-5BB4F6375748}.Release|Win32.Build.0 = Release|Win32
	EndGlobalSection
	GlobalSection(SolutionProperties) = preSolution
		HideSolutionNode = FALSE
	EndGlobalSection
EndGlobal
